
Microsoft Visual Studio Solution File, Format Version 12.00
# Visual Studio 2012
Project("{FAE04EC0-301F-11D3-BF4B-00C04F79EFBC}") = "01. Decorator", "01. Decorator\01. Decorator.csproj", "{DDB693D1-E0E0-4683-A281-E4B535B9AEC1}"
EndProject
Project("{FAE04EC0-301F-11D3-BF4B-00C04F79EFBC}") = "02. Singleton", "02. Singleton\02. Singleton.csproj", "{B12D45E2-F805-402D-ACBE-567ADACBFD2F}"
EndProject
Project("{FAE04EC0-301F-11D3-BF4B-00C04F79EFBC}") = "03. SimpleFactory", "03. SimpleFactory\03. SimpleFactory.csproj", "{8C6B8F32-7A66-4A8E-96D7-82A9D04E6A8C}"
EndProject
Global
	GlobalSection(SolutionConfigurationPlatforms) = preSolution
		Debug|Any CPU = Debug|Any CPU
		Release|Any CPU = Release|Any CPU
	EndGlobalSection
	GlobalSection(ProjectConfigurationPlatforms) = postSolution
		{DDB693D1-E0E0-4683-A281-E4B535B9AEC1}.Debug|Any CPU.ActiveCfg = Debug|Any CPU
		{DDB693D1-E0E0-4683-A281-E4B535B9AEC1}.Debug|Any CPU.Build.0 = Debug|Any CPU
		{DDB693D1-E0E0-4683-A281-E4B535B9AEC1}.Release|Any CPU.ActiveCfg = Release|Any CPU
		{DDB693D1-E0E0-4683-A281-E4B535B9AEC1}.Release|Any CPU.Build.0 = Release|Any CPU
		{B12D45E2-F805-402D-ACBE-567ADACBFD2F}.Debug|Any CPU.ActiveCfg = Debug|Any CPU
		{B12D45E2-F805-402D-ACBE-567ADACBFD2F}.Debug|Any CPU.Build.0 = Debug|Any CPU
		{B12D45E2-F805-402D-ACBE-567ADACBFD2F}.Release|Any CPU.ActiveCfg = Release|Any CPU
		{B12D45E2-F805-402D-ACBE-567ADACBFD2F}.Release|Any CPU.Build.0 = Release|Any CPU
		{8C6B8F32-7A66-4A8E-96D7-82A9D04E6A8C}.Debug|Any CPU.ActiveCfg = Debug|Any CPU
		{8C6B8F32-7A66-4A8E-96D7-82A9D04E6A8C}.Debug|Any CPU.Build.0 = Debug|Any CPU
		{8C6B8F32-7A66-4A8E-96D7-82A9D04E6A8C}.Release|Any CPU.ActiveCfg = Release|Any CPU
		{8C6B8F32-7A66-4A8E-96D7-82A9D04E6A8C}.Release|Any CPU.Build.0 = Release|Any CPU
	EndGlobalSection
	GlobalSection(SolutionProperties) = preSolution
		HideSolutionNode = FALSE
	EndGlobalSection
EndGlobal
