
Microsoft Visual Studio Solution File, Format Version 12.00
# Visual Studio 2012
Project("{FAE04EC0-301F-11D3-BF4B-00C04F79EFBC}") = "Exercise10", "Exercise10\Exercise10.csproj", "{FFF5ED02-A81E-45A3-8E4B-AEE6BCFA0153}"
EndProject
Global
	GlobalSection(SolutionConfigurationPlatforms) = preSolution
		Debug|Any CPU = Debug|Any CPU
		Release|Any CPU = Release|Any CPU
	EndGlobalSection
	GlobalSection(ProjectConfigurationPlatforms) = postSolution
		{FFF5ED02-A81E-45A3-8E4B-AEE6BCFA0153}.Debug|Any CPU.ActiveCfg = Debug|Any CPU
		{FFF5ED02-A81E-45A3-8E4B-AEE6BCFA0153}.Debug|Any CPU.Build.0 = Debug|Any CPU
		{FFF5ED02-A81E-45A3-8E4B-AEE6BCFA0153}.Release|Any CPU.ActiveCfg = Release|Any CPU
		{FFF5ED02-A81E-45A3-8E4B-AEE6BCFA0153}.Release|Any CPU.Build.0 = Release|Any CPU
	EndGlobalSection
	GlobalSection(SolutionProperties) = preSolution
		HideSolutionNode = FALSE
	EndGlobalSection
EndGlobal
