
Microsoft Visual Studio Solution File, Format Version 12.00
# Visual Studio 2012
Project("{FAE04EC0-301F-11D3-BF4B-00C04F79EFBC}") = "Felix_Ivan", "Felix_Ivan\Felix_Ivan.csproj", "{8589241D-3BA2-4FD3-B5C4-DA3EE6AEF62C}"
EndProject
Global
	GlobalSection(TeamFoundationVersionControl) = preSolution
		SccNumberOfProjects = 2
		SccEnterpriseProvider = {4CA58AB2-18FA-4F8D-95D4-32DDF27D184C}
		SccTeamFoundationServer = https://felixgame.visualstudio.com/defaultcollection
		SccLocalPath0 = .
		SccProjectUniqueName1 = Felix_Ivan\\Felix_Ivan.csproj
		SccProjectName1 = Felix_Ivan
		SccLocalPath1 = Felix_Ivan
	EndGlobalSection
	GlobalSection(SolutionConfigurationPlatforms) = preSolution
		Debug|Any CPU = Debug|Any CPU
		Release|Any CPU = Release|Any CPU
	EndGlobalSection
	GlobalSection(ProjectConfigurationPlatforms) = postSolution
		{8589241D-3BA2-4FD3-B5C4-DA3EE6AEF62C}.Debug|Any CPU.ActiveCfg = Debug|Any CPU
		{8589241D-3BA2-4FD3-B5C4-DA3EE6AEF62C}.Debug|Any CPU.Build.0 = Debug|Any CPU
		{8589241D-3BA2-4FD3-B5C4-DA3EE6AEF62C}.Release|Any CPU.ActiveCfg = Release|Any CPU
		{8589241D-3BA2-4FD3-B5C4-DA3EE6AEF62C}.Release|Any CPU.Build.0 = Release|Any CPU
	EndGlobalSection
	GlobalSection(SolutionProperties) = preSolution
		HideSolutionNode = FALSE
	EndGlobalSection
EndGlobal
