
Microsoft Visual Studio Solution File, Format Version 12.00
# Visual Studio 2013
VisualStudioVersion = 12.0.30501.0
MinimumVisualStudioVersion = 10.0.40219.1
Project("{9092AA53-FB77-4645-B42D-1CCCA6BD08BD}") = "Sequences", "Sequences\Sequences.njsproj", "{B3CF7786-8937-48B7-A3A9-42DB85C0462F}"
EndProject
Project("{9092AA53-FB77-4645-B42D-1CCCA6BD08BD}") = "JoroTheNaughty", "JoroTheNaughty\JoroTheNaughty.njsproj", "{133DAC9F-7A73-4A62-BA4E-D5150A0041A2}"
EndProject
Project("{9092AA53-FB77-4645-B42D-1CCCA6BD08BD}") = "MaxSum", "MaxSum\MaxSum.njsproj", "{1262159C-8FB7-4CD5-9DE5-F20C66AE6143}"
EndProject
Project("{9092AA53-FB77-4645-B42D-1CCCA6BD08BD}") = "LabyrinthEscape", "LabyrinthEscape\LabyrinthEscape.njsproj", "{60AE3E51-F4C2-4415-B3BE-4AA06DF42B9F}"
EndProject
Project("{9092AA53-FB77-4645-B42D-1CCCA6BD08BD}") = "Listy", "Listy\Listy.njsproj", "{D95453DF-9934-40ED-817D-BF4CA8F39DE0}"
EndProject
Global
	GlobalSection(SolutionConfigurationPlatforms) = preSolution
		Debug|Any CPU = Debug|Any CPU
		Release|Any CPU = Release|Any CPU
	EndGlobalSection
	GlobalSection(ProjectConfigurationPlatforms) = postSolution
		{B3CF7786-8937-48B7-A3A9-42DB85C0462F}.Debug|Any CPU.ActiveCfg = Debug|Any CPU
		{B3CF7786-8937-48B7-A3A9-42DB85C0462F}.Debug|Any CPU.Build.0 = Debug|Any CPU
		{B3CF7786-8937-48B7-A3A9-42DB85C0462F}.Release|Any CPU.ActiveCfg = Release|Any CPU
		{B3CF7786-8937-48B7-A3A9-42DB85C0462F}.Release|Any CPU.Build.0 = Release|Any CPU
		{133DAC9F-7A73-4A62-BA4E-D5150A0041A2}.Debug|Any CPU.ActiveCfg = Debug|Any CPU
		{133DAC9F-7A73-4A62-BA4E-D5150A0041A2}.Debug|Any CPU.Build.0 = Debug|Any CPU
		{133DAC9F-7A73-4A62-BA4E-D5150A0041A2}.Release|Any CPU.ActiveCfg = Release|Any CPU
		{133DAC9F-7A73-4A62-BA4E-D5150A0041A2}.Release|Any CPU.Build.0 = Release|Any CPU
		{1262159C-8FB7-4CD5-9DE5-F20C66AE6143}.Debug|Any CPU.ActiveCfg = Debug|Any CPU
		{1262159C-8FB7-4CD5-9DE5-F20C66AE6143}.Debug|Any CPU.Build.0 = Debug|Any CPU
		{1262159C-8FB7-4CD5-9DE5-F20C66AE6143}.Release|Any CPU.ActiveCfg = Release|Any CPU
		{1262159C-8FB7-4CD5-9DE5-F20C66AE6143}.Release|Any CPU.Build.0 = Release|Any CPU
		{60AE3E51-F4C2-4415-B3BE-4AA06DF42B9F}.Debug|Any CPU.ActiveCfg = Debug|Any CPU
		{60AE3E51-F4C2-4415-B3BE-4AA06DF42B9F}.Debug|Any CPU.Build.0 = Debug|Any CPU
		{60AE3E51-F4C2-4415-B3BE-4AA06DF42B9F}.Release|Any CPU.ActiveCfg = Release|Any CPU
		{60AE3E51-F4C2-4415-B3BE-4AA06DF42B9F}.Release|Any CPU.Build.0 = Release|Any CPU
		{D95453DF-9934-40ED-817D-BF4CA8F39DE0}.Debug|Any CPU.ActiveCfg = Debug|Any CPU
		{D95453DF-9934-40ED-817D-BF4CA8F39DE0}.Debug|Any CPU.Build.0 = Debug|Any CPU
		{D95453DF-9934-40ED-817D-BF4CA8F39DE0}.Release|Any CPU.ActiveCfg = Release|Any CPU
		{D95453DF-9934-40ED-817D-BF4CA8F39DE0}.Release|Any CPU.Build.0 = Release|Any CPU
	EndGlobalSection
	GlobalSection(SolutionProperties) = preSolution
		HideSolutionNode = FALSE
	EndGlobalSection
EndGlobal
