
Microsoft Visual Studio Solution File, Format Version 12.00
# Visual Studio 2012
Project("{FAE04EC0-301F-11D3-BF4B-00C04F79EFBC}") = "01-School", "01-School\01-School.csproj", "{A7D311C8-A6BA-4F32-85D6-D8219EE2D741}"
EndProject
Project("{FAE04EC0-301F-11D3-BF4B-00C04F79EFBC}") = "02-Humans", "02-Humans\02-Humans.csproj", "{09255159-114D-4F48-8532-E106DBD39C5E}"
EndProject
Project("{FAE04EC0-301F-11D3-BF4B-00C04F79EFBC}") = "03-Animals", "03-Animals\03-Animals.csproj", "{197F2168-FC98-4239-82C1-D9ECF8DA98C2}"
EndProject
Global
	GlobalSection(SolutionConfigurationPlatforms) = preSolution
		Debug|Any CPU = Debug|Any CPU
		Release|Any CPU = Release|Any CPU
	EndGlobalSection
	GlobalSection(ProjectConfigurationPlatforms) = postSolution
		{A7D311C8-A6BA-4F32-85D6-D8219EE2D741}.Debug|Any CPU.ActiveCfg = Debug|Any CPU
		{A7D311C8-A6BA-4F32-85D6-D8219EE2D741}.Debug|Any CPU.Build.0 = Debug|Any CPU
		{A7D311C8-A6BA-4F32-85D6-D8219EE2D741}.Release|Any CPU.ActiveCfg = Release|Any CPU
		{A7D311C8-A6BA-4F32-85D6-D8219EE2D741}.Release|Any CPU.Build.0 = Release|Any CPU
		{09255159-114D-4F48-8532-E106DBD39C5E}.Debug|Any CPU.ActiveCfg = Debug|Any CPU
		{09255159-114D-4F48-8532-E106DBD39C5E}.Debug|Any CPU.Build.0 = Debug|Any CPU
		{09255159-114D-4F48-8532-E106DBD39C5E}.Release|Any CPU.ActiveCfg = Release|Any CPU
		{09255159-114D-4F48-8532-E106DBD39C5E}.Release|Any CPU.Build.0 = Release|Any CPU
		{197F2168-FC98-4239-82C1-D9ECF8DA98C2}.Debug|Any CPU.ActiveCfg = Debug|Any CPU
		{197F2168-FC98-4239-82C1-D9ECF8DA98C2}.Debug|Any CPU.Build.0 = Debug|Any CPU
		{197F2168-FC98-4239-82C1-D9ECF8DA98C2}.Release|Any CPU.ActiveCfg = Release|Any CPU
		{197F2168-FC98-4239-82C1-D9ECF8DA98C2}.Release|Any CPU.Build.0 = Release|Any CPU
	EndGlobalSection
	GlobalSection(SolutionProperties) = preSolution
		HideSolutionNode = FALSE
	EndGlobalSection
EndGlobal
