
Microsoft Visual Studio Solution File, Format Version 12.00
# Visual Studio 2012
Project("{FAE04EC0-301F-11D3-BF4B-00C04F79EFBC}") = "01. DecimalToBinary", "DecimalToBinary\01. DecimalToBinary.csproj", "{2A5512F1-8BE3-4A5E-9E36-0C0648B519AA}"
EndProject
Project("{FAE04EC0-301F-11D3-BF4B-00C04F79EFBC}") = "04. HexToDecimal", "HexToDecimal\04. HexToDecimal.csproj", "{3BE14EC0-5B73-40C7-AD7E-A3561DF59980}"
EndProject
Project("{FAE04EC0-301F-11D3-BF4B-00C04F79EFBC}") = "07. ConvertBetweenNumeralSystems", "ConvertBetweenNumeralSystems\07. ConvertBetweenNumeralSystems.csproj", "{60F43779-8131-4753-A9A2-5C695379AB89}"
EndProject
Project("{FAE04EC0-301F-11D3-BF4B-00C04F79EFBC}") = "02. BinaryToDecimal", "BinaryToDecimal\02. BinaryToDecimal.csproj", "{BFE9EE0D-3461-45BE-8C4F-B61ECF547443}"
EndProject
Project("{FAE04EC0-301F-11D3-BF4B-00C04F79EFBC}") = "03. DecimalToHex", "DecimalToHex\03. DecimalToHex.csproj", "{3D2766B4-ACA9-4404-8FED-A6A4B3FEC5E6}"
EndProject
Project("{FAE04EC0-301F-11D3-BF4B-00C04F79EFBC}") = "05. HexToBinary", "HexToBinary\05. HexToBinary.csproj", "{8587C585-33B7-40A3-BA46-47625F600EA1}"
EndProject
Project("{FAE04EC0-301F-11D3-BF4B-00C04F79EFBC}") = "06. BinaryToHex", "BinaryToHex\06. BinaryToHex.csproj", "{F7601755-F81B-452C-B547-850657C506F4}"
EndProject
Project("{FAE04EC0-301F-11D3-BF4B-00C04F79EFBC}") = "08. ShortToBinary", "ShortToBinary\08. ShortToBinary.csproj", "{26CC4996-7342-4BE7-9CD7-2BCCE5F599C7}"
EndProject
Project("{FAE04EC0-301F-11D3-BF4B-00C04F79EFBC}") = "09. IEEE754FormatOfFloat", "IEEE754FormatOfFloat\09. IEEE754FormatOfFloat.csproj", "{3F03DA17-8850-4106-9D24-2810F37E623A}"
EndProject
Global
	GlobalSection(SolutionConfigurationPlatforms) = preSolution
		Debug|Any CPU = Debug|Any CPU
		Release|Any CPU = Release|Any CPU
	EndGlobalSection
	GlobalSection(ProjectConfigurationPlatforms) = postSolution
		{2A5512F1-8BE3-4A5E-9E36-0C0648B519AA}.Debug|Any CPU.ActiveCfg = Debug|Any CPU
		{2A5512F1-8BE3-4A5E-9E36-0C0648B519AA}.Debug|Any CPU.Build.0 = Debug|Any CPU
		{2A5512F1-8BE3-4A5E-9E36-0C0648B519AA}.Release|Any CPU.ActiveCfg = Release|Any CPU
		{2A5512F1-8BE3-4A5E-9E36-0C0648B519AA}.Release|Any CPU.Build.0 = Release|Any CPU
		{3BE14EC0-5B73-40C7-AD7E-A3561DF59980}.Debug|Any CPU.ActiveCfg = Debug|Any CPU
		{3BE14EC0-5B73-40C7-AD7E-A3561DF59980}.Debug|Any CPU.Build.0 = Debug|Any CPU
		{3BE14EC0-5B73-40C7-AD7E-A3561DF59980}.Release|Any CPU.ActiveCfg = Release|Any CPU
		{3BE14EC0-5B73-40C7-AD7E-A3561DF59980}.Release|Any CPU.Build.0 = Release|Any CPU
		{60F43779-8131-4753-A9A2-5C695379AB89}.Debug|Any CPU.ActiveCfg = Debug|Any CPU
		{60F43779-8131-4753-A9A2-5C695379AB89}.Debug|Any CPU.Build.0 = Debug|Any CPU
		{60F43779-8131-4753-A9A2-5C695379AB89}.Release|Any CPU.ActiveCfg = Release|Any CPU
		{60F43779-8131-4753-A9A2-5C695379AB89}.Release|Any CPU.Build.0 = Release|Any CPU
		{BFE9EE0D-3461-45BE-8C4F-B61ECF547443}.Debug|Any CPU.ActiveCfg = Debug|Any CPU
		{BFE9EE0D-3461-45BE-8C4F-B61ECF547443}.Debug|Any CPU.Build.0 = Debug|Any CPU
		{BFE9EE0D-3461-45BE-8C4F-B61ECF547443}.Release|Any CPU.ActiveCfg = Release|Any CPU
		{BFE9EE0D-3461-45BE-8C4F-B61ECF547443}.Release|Any CPU.Build.0 = Release|Any CPU
		{3D2766B4-ACA9-4404-8FED-A6A4B3FEC5E6}.Debug|Any CPU.ActiveCfg = Debug|Any CPU
		{3D2766B4-ACA9-4404-8FED-A6A4B3FEC5E6}.Debug|Any CPU.Build.0 = Debug|Any CPU
		{3D2766B4-ACA9-4404-8FED-A6A4B3FEC5E6}.Release|Any CPU.ActiveCfg = Release|Any CPU
		{3D2766B4-ACA9-4404-8FED-A6A4B3FEC5E6}.Release|Any CPU.Build.0 = Release|Any CPU
		{8587C585-33B7-40A3-BA46-47625F600EA1}.Debug|Any CPU.ActiveCfg = Debug|Any CPU
		{8587C585-33B7-40A3-BA46-47625F600EA1}.Debug|Any CPU.Build.0 = Debug|Any CPU
		{8587C585-33B7-40A3-BA46-47625F600EA1}.Release|Any CPU.ActiveCfg = Release|Any CPU
		{8587C585-33B7-40A3-BA46-47625F600EA1}.Release|Any CPU.Build.0 = Release|Any CPU
		{F7601755-F81B-452C-B547-850657C506F4}.Debug|Any CPU.ActiveCfg = Debug|Any CPU
		{F7601755-F81B-452C-B547-850657C506F4}.Debug|Any CPU.Build.0 = Debug|Any CPU
		{F7601755-F81B-452C-B547-850657C506F4}.Release|Any CPU.ActiveCfg = Release|Any CPU
		{F7601755-F81B-452C-B547-850657C506F4}.Release|Any CPU.Build.0 = Release|Any CPU
		{26CC4996-7342-4BE7-9CD7-2BCCE5F599C7}.Debug|Any CPU.ActiveCfg = Debug|Any CPU
		{26CC4996-7342-4BE7-9CD7-2BCCE5F599C7}.Debug|Any CPU.Build.0 = Debug|Any CPU
		{26CC4996-7342-4BE7-9CD7-2BCCE5F599C7}.Release|Any CPU.ActiveCfg = Release|Any CPU
		{26CC4996-7342-4BE7-9CD7-2BCCE5F599C7}.Release|Any CPU.Build.0 = Release|Any CPU
		{3F03DA17-8850-4106-9D24-2810F37E623A}.Debug|Any CPU.ActiveCfg = Debug|Any CPU
		{3F03DA17-8850-4106-9D24-2810F37E623A}.Debug|Any CPU.Build.0 = Debug|Any CPU
		{3F03DA17-8850-4106-9D24-2810F37E623A}.Release|Any CPU.ActiveCfg = Release|Any CPU
		{3F03DA17-8850-4106-9D24-2810F37E623A}.Release|Any CPU.Build.0 = Release|Any CPU
	EndGlobalSection
	GlobalSection(SolutionProperties) = preSolution
		HideSolutionNode = FALSE
	EndGlobalSection
EndGlobal
