
Microsoft Visual Studio Solution File, Format Version 12.00
# Visual Studio 2012
Project("{FAE04EC0-301F-11D3-BF4B-00C04F79EFBC}") = "01.CalculateSquareRoot", "01.CalculateSquareRoot\01.CalculateSquareRoot.csproj", "{E0FE9205-EB66-467E-95CA-B71F52324AA5}"
EndProject
Project("{FAE04EC0-301F-11D3-BF4B-00C04F79EFBC}") = "02.ReadNumberMethod", "02.ReadNumberMethod\02.ReadNumberMethod.csproj", "{CE8ACDB0-2A0E-4713-A046-A412250D9338}"
EndProject
Project("{FAE04EC0-301F-11D3-BF4B-00C04F79EFBC}") = "03.ReadFileContent", "03.ReadFileContent\03.ReadFileContent.csproj", "{3E593F05-52F6-4BA4-BE46-D877CE174D4A}"
EndProject
Project("{FAE04EC0-301F-11D3-BF4B-00C04F79EFBC}") = "04.DownloadFile", "04.DownloadFile\04.DownloadFile.csproj", "{23A208D6-B30D-4305-AAC2-9A1DF4BA7B2F}"
EndProject
Global
	GlobalSection(SolutionConfigurationPlatforms) = preSolution
		Debug|Any CPU = Debug|Any CPU
		Release|Any CPU = Release|Any CPU
	EndGlobalSection
	GlobalSection(ProjectConfigurationPlatforms) = postSolution
		{E0FE9205-EB66-467E-95CA-B71F52324AA5}.Debug|Any CPU.ActiveCfg = Debug|Any CPU
		{E0FE9205-EB66-467E-95CA-B71F52324AA5}.Debug|Any CPU.Build.0 = Debug|Any CPU
		{E0FE9205-EB66-467E-95CA-B71F52324AA5}.Release|Any CPU.ActiveCfg = Release|Any CPU
		{E0FE9205-EB66-467E-95CA-B71F52324AA5}.Release|Any CPU.Build.0 = Release|Any CPU
		{CE8ACDB0-2A0E-4713-A046-A412250D9338}.Debug|Any CPU.ActiveCfg = Debug|Any CPU
		{CE8ACDB0-2A0E-4713-A046-A412250D9338}.Debug|Any CPU.Build.0 = Debug|Any CPU
		{CE8ACDB0-2A0E-4713-A046-A412250D9338}.Release|Any CPU.ActiveCfg = Release|Any CPU
		{CE8ACDB0-2A0E-4713-A046-A412250D9338}.Release|Any CPU.Build.0 = Release|Any CPU
		{3E593F05-52F6-4BA4-BE46-D877CE174D4A}.Debug|Any CPU.ActiveCfg = Debug|Any CPU
		{3E593F05-52F6-4BA4-BE46-D877CE174D4A}.Debug|Any CPU.Build.0 = Debug|Any CPU
		{3E593F05-52F6-4BA4-BE46-D877CE174D4A}.Release|Any CPU.ActiveCfg = Release|Any CPU
		{3E593F05-52F6-4BA4-BE46-D877CE174D4A}.Release|Any CPU.Build.0 = Release|Any CPU
		{23A208D6-B30D-4305-AAC2-9A1DF4BA7B2F}.Debug|Any CPU.ActiveCfg = Debug|Any CPU
		{23A208D6-B30D-4305-AAC2-9A1DF4BA7B2F}.Debug|Any CPU.Build.0 = Debug|Any CPU
		{23A208D6-B30D-4305-AAC2-9A1DF4BA7B2F}.Release|Any CPU.ActiveCfg = Release|Any CPU
		{23A208D6-B30D-4305-AAC2-9A1DF4BA7B2F}.Release|Any CPU.Build.0 = Release|Any CPU
	EndGlobalSection
	GlobalSection(SolutionProperties) = preSolution
		HideSolutionNode = FALSE
	EndGlobalSection
EndGlobal
