
Microsoft Visual Studio Solution File, Format Version 12.00
# Visual Studio Express 2012 for Windows Desktop
Project("{FAE04EC0-301F-11D3-BF4B-00C04F79EFBC}") = "TestYourReflexes", "TestYourReflexes\TestYourReflexes.csproj", "{422A968D-2E29-423B-B078-C24139B40919}"
EndProject
Global
	GlobalSection(TeamFoundationVersionControl) = preSolution
		SccNumberOfProjects = 2
		SccEnterpriseProvider = {4CA58AB2-18FA-4F8D-95D4-32DDF27D184C}
		SccTeamFoundationServer = https://felixgame.visualstudio.com/defaultcollection
		SccLocalPath0 = .
		SccProjectUniqueName1 = TestYourReflexes\\TestYourReflexes.csproj
		SccProjectName1 = TestYourReflexes
		SccLocalPath1 = TestYourReflexes
	EndGlobalSection
	GlobalSection(SolutionConfigurationPlatforms) = preSolution
		Debug|Any CPU = Debug|Any CPU
		Release|Any CPU = Release|Any CPU
	EndGlobalSection
	GlobalSection(ProjectConfigurationPlatforms) = postSolution
		{422A968D-2E29-423B-B078-C24139B40919}.Debug|Any CPU.ActiveCfg = Debug|Any CPU
		{422A968D-2E29-423B-B078-C24139B40919}.Debug|Any CPU.Build.0 = Debug|Any CPU
		{422A968D-2E29-423B-B078-C24139B40919}.Release|Any CPU.ActiveCfg = Release|Any CPU
		{422A968D-2E29-423B-B078-C24139B40919}.Release|Any CPU.Build.0 = Release|Any CPU
	EndGlobalSection
	GlobalSection(SolutionProperties) = preSolution
		HideSolutionNode = FALSE
	EndGlobalSection
EndGlobal
