
Microsoft Visual Studio Solution File, Format Version 12.00
# Visual Studio 2012
Project("{FAE04EC0-301F-11D3-BF4B-00C04F79EFBC}") = "01-04. Points3D", "Points3D\01-04. Points3D.csproj", "{CB00A45E-2FFB-4C23-8BF4-F87E3ADBD313}"
EndProject
Project("{FAE04EC0-301F-11D3-BF4B-00C04F79EFBC}") = "05-07. GenericLists", "GenericLists\05-07. GenericLists.csproj", "{9A057751-741B-4DF0-9F8B-BC6931A6CC07}"
EndProject
Project("{FAE04EC0-301F-11D3-BF4B-00C04F79EFBC}") = "08-10. Matrices", "Matrices\08-10. Matrices.csproj", "{4FE625FF-28FE-4009-BF7B-125AF495D52A}"
EndProject
Project("{FAE04EC0-301F-11D3-BF4B-00C04F79EFBC}") = "11. VersionAttributes", "VersionAttributes\11. VersionAttributes.csproj", "{75529CB7-1C99-4C98-BB66-B3839F0D47EA}"
EndProject
Global
	GlobalSection(SolutionConfigurationPlatforms) = preSolution
		Debug|Any CPU = Debug|Any CPU
		Release|Any CPU = Release|Any CPU
	EndGlobalSection
	GlobalSection(ProjectConfigurationPlatforms) = postSolution
		{CB00A45E-2FFB-4C23-8BF4-F87E3ADBD313}.Debug|Any CPU.ActiveCfg = Debug|Any CPU
		{CB00A45E-2FFB-4C23-8BF4-F87E3ADBD313}.Debug|Any CPU.Build.0 = Debug|Any CPU
		{CB00A45E-2FFB-4C23-8BF4-F87E3ADBD313}.Release|Any CPU.ActiveCfg = Release|Any CPU
		{CB00A45E-2FFB-4C23-8BF4-F87E3ADBD313}.Release|Any CPU.Build.0 = Release|Any CPU
		{9A057751-741B-4DF0-9F8B-BC6931A6CC07}.Debug|Any CPU.ActiveCfg = Debug|Any CPU
		{9A057751-741B-4DF0-9F8B-BC6931A6CC07}.Debug|Any CPU.Build.0 = Debug|Any CPU
		{9A057751-741B-4DF0-9F8B-BC6931A6CC07}.Release|Any CPU.ActiveCfg = Release|Any CPU
		{9A057751-741B-4DF0-9F8B-BC6931A6CC07}.Release|Any CPU.Build.0 = Release|Any CPU
		{4FE625FF-28FE-4009-BF7B-125AF495D52A}.Debug|Any CPU.ActiveCfg = Debug|Any CPU
		{4FE625FF-28FE-4009-BF7B-125AF495D52A}.Debug|Any CPU.Build.0 = Debug|Any CPU
		{4FE625FF-28FE-4009-BF7B-125AF495D52A}.Release|Any CPU.ActiveCfg = Release|Any CPU
		{4FE625FF-28FE-4009-BF7B-125AF495D52A}.Release|Any CPU.Build.0 = Release|Any CPU
		{75529CB7-1C99-4C98-BB66-B3839F0D47EA}.Debug|Any CPU.ActiveCfg = Debug|Any CPU
		{75529CB7-1C99-4C98-BB66-B3839F0D47EA}.Debug|Any CPU.Build.0 = Debug|Any CPU
		{75529CB7-1C99-4C98-BB66-B3839F0D47EA}.Release|Any CPU.ActiveCfg = Release|Any CPU
		{75529CB7-1C99-4C98-BB66-B3839F0D47EA}.Release|Any CPU.Build.0 = Release|Any CPU
	EndGlobalSection
	GlobalSection(SolutionProperties) = preSolution
		HideSolutionNode = FALSE
	EndGlobalSection
EndGlobal
