
Microsoft Visual Studio Solution File, Format Version 12.00
# Visual Studio Express 2012 for Windows Desktop
Project("{FAE04EC0-301F-11D3-BF4B-00C04F79EFBC}") = "MainMenu", "MainMenu\MainMenu.csproj", "{68B19A39-E459-4037-996F-8B9893E843D8}"
EndProject
Global
	GlobalSection(TeamFoundationVersionControl) = preSolution
		SccNumberOfProjects = 2
		SccEnterpriseProvider = {4CA58AB2-18FA-4F8D-95D4-32DDF27D184C}
		SccTeamFoundationServer = https://felixgame.visualstudio.com/defaultcollection
		SccLocalPath0 = .
		SccProjectUniqueName1 = MainMenu\\MainMenu.csproj
		SccProjectName1 = MainMenu
		SccLocalPath1 = MainMenu
	EndGlobalSection
	GlobalSection(SolutionConfigurationPlatforms) = preSolution
		Debug|Any CPU = Debug|Any CPU
		Release|Any CPU = Release|Any CPU
	EndGlobalSection
	GlobalSection(ProjectConfigurationPlatforms) = postSolution
		{68B19A39-E459-4037-996F-8B9893E843D8}.Debug|Any CPU.ActiveCfg = Debug|Any CPU
		{68B19A39-E459-4037-996F-8B9893E843D8}.Debug|Any CPU.Build.0 = Debug|Any CPU
		{68B19A39-E459-4037-996F-8B9893E843D8}.Release|Any CPU.ActiveCfg = Release|Any CPU
		{68B19A39-E459-4037-996F-8B9893E843D8}.Release|Any CPU.Build.0 = Release|Any CPU
	EndGlobalSection
	GlobalSection(SolutionProperties) = preSolution
		HideSolutionNode = FALSE
	EndGlobalSection
EndGlobal
