
Microsoft Visual Studio Solution File, Format Version 12.00
# Visual Studio 2012
Project("{FAE04EC0-301F-11D3-BF4B-00C04F79EFBC}") = "BlackHole", "BlackHole\BlackHole.csproj", "{2BE3C7A3-8F56-44BC-B26D-6CE8FF7F762B}"
EndProject
Project("{FAE04EC0-301F-11D3-BF4B-00C04F79EFBC}") = "FelixTheCat", "FelixTheCat\FelixTheCat.csproj", "{5123A2F1-0B30-4F98-BC6A-BF645D5CF5D5}"
EndProject
Global
	GlobalSection(TeamFoundationVersionControl) = preSolution
		SccNumberOfProjects = 1
		SccEnterpriseProvider = {4CA58AB2-18FA-4F8D-95D4-32DDF27D184C}
		SccTeamFoundationServer = https://felixgame.visualstudio.com/defaultcollection
		SccProjectUniqueName0 = FelixTheCat\\FelixTheCat.csproj
		SccProjectName0 = FelixTheCat
		SccAuxPath0 = https://felixgame.visualstudio.com/defaultcollection
		SccLocalPath0 = FelixTheCat
		SccProvider0 = {4CA58AB2-18FA-4F8D-95D4-32DDF27D184C}
	EndGlobalSection
	GlobalSection(SolutionConfigurationPlatforms) = preSolution
		Debug|Any CPU = Debug|Any CPU
		Release|Any CPU = Release|Any CPU
	EndGlobalSection
	GlobalSection(ProjectConfigurationPlatforms) = postSolution
		{2BE3C7A3-8F56-44BC-B26D-6CE8FF7F762B}.Debug|Any CPU.ActiveCfg = Debug|Any CPU
		{2BE3C7A3-8F56-44BC-B26D-6CE8FF7F762B}.Debug|Any CPU.Build.0 = Debug|Any CPU
		{2BE3C7A3-8F56-44BC-B26D-6CE8FF7F762B}.Release|Any CPU.ActiveCfg = Release|Any CPU
		{2BE3C7A3-8F56-44BC-B26D-6CE8FF7F762B}.Release|Any CPU.Build.0 = Release|Any CPU
		{5123A2F1-0B30-4F98-BC6A-BF645D5CF5D5}.Debug|Any CPU.ActiveCfg = Debug|Any CPU
		{5123A2F1-0B30-4F98-BC6A-BF645D5CF5D5}.Debug|Any CPU.Build.0 = Debug|Any CPU
		{5123A2F1-0B30-4F98-BC6A-BF645D5CF5D5}.Release|Any CPU.ActiveCfg = Release|Any CPU
		{5123A2F1-0B30-4F98-BC6A-BF645D5CF5D5}.Release|Any CPU.Build.0 = Release|Any CPU
	EndGlobalSection
	GlobalSection(SolutionProperties) = preSolution
		HideSolutionNode = FALSE
	EndGlobalSection
EndGlobal
